# This file was autogenerated by Stack.
# You should not edit this file by hand.
# For more information, please see the documentation at:
#   https://docs.haskellstack.org/en/stable/lock_files

packages:
- completed:
    hackage: QuickCheck-2.14.3@sha256:f03d2f404d5ba465453d0fbc1944832789a759fe7c4f9bf8616bc1378a02fde4,7847
    pantry-tree:
      sha256: e920d61bcc10ef2aee0cc3e2a216d05b8491564ad27c1c5e2fbbb221b00b7f8e
      size: 2315
  original:
    hackage: QuickCheck-2.14.3@sha256:f03d2f404d5ba465453d0fbc1944832789a759fe7c4f9bf8616bc1378a02fde4,7847
- completed:
    hackage: attoparsec-0.14.4@sha256:ec709539b881d6431620bd7c40fbfa680aaf4a98c6f35b51536d8f455682b1ae,5703
    pantry-tree:
      sha256: 859a99c7b716d7288a4d8ada61c036e5715485bca5ea4e379f113ccbf06d8a5c
      size: 5039
  original:
    hackage: attoparsec-0.14.4@sha256:ec709539b881d6431620bd7c40fbfa680aaf4a98c6f35b51536d8f455682b1ae,5703
- completed:
    hackage: extra-1.7.14@sha256:e3d3ce1dc7746b1132930e48c59fb5e8c51a09e92e0c031316be031067a273fb,2707
    pantry-tree:
      sha256: 22bd4bbf11717a50e009bbbcb685038d1a45799c71abaf993edd93edcd0b2bc2
      size: 1960
  original:
    hackage: extra-1.7.14@sha256:e3d3ce1dc7746b1132930e48c59fb5e8c51a09e92e0c031316be031067a273fb,2707
- completed:
    hackage: fgl-5.8.2.0@sha256:9bc966528db0a9bd57c63dd3cb2bbe08e1a2d2de7ac7f517aaaa5d79607f759e,3796
    pantry-tree:
      sha256: 8c0adc211f52608695ccda906eca4fa8a60f6e62315b14815b2243c0ddb417e2
      size: 2749
  original:
    hackage: fgl-5.8.2.0@sha256:9bc966528db0a9bd57c63dd3cb2bbe08e1a2d2de7ac7f517aaaa5d79607f759e,3796
- completed:
    hackage: hashable-1.4.3.0@sha256:f3bf68acfa0df7a064a378ef2cdcfeb55e6fb96100675f4c593556dcbf3d7194,4718
    pantry-tree:
      sha256: abef0611d6a717ba351317bdb603ef536659e7767a49ba81b2dbe20994065c7d
      size: 1248
  original:
    hackage: hashable-1.4.3.0@sha256:f3bf68acfa0df7a064a378ef2cdcfeb55e6fb96100675f4c593556dcbf3d7194,4718
- completed:
    hackage: heaps-0.4@sha256:66b19fcd813b0e4db3e0bac541bd46606c3b13d3d081d9f9666f4be0f5ff14b8,1410
    pantry-tree:
      sha256: 8397dc92c6eb4581b2f8235c2fe2f49c0e9ece6ce4cef5748e4cccbf0844469e
      size: 376
  original:
    hackage: heaps-0.4@sha256:66b19fcd813b0e4db3e0bac541bd46606c3b13d3d081d9f9666f4be0f5ff14b8,1410
- completed:
    hackage: integer-logarithms-1.0.3.1@sha256:4d0dfc334e64ff57bb1a08717afa4a4a7f28e4cdc46615dd287be31ef63ec00d,3278
    pantry-tree:
      sha256: 588b5bd9e214bda6de99f5ab2f9affc6af6aea688d150fa29662ea9ff3583622
      size: 865
  original:
    hackage: integer-logarithms-1.0.3.1@sha256:4d0dfc334e64ff57bb1a08717afa4a4a7f28e4cdc46615dd287be31ef63ec00d,3278
- completed:
    hackage: lens-5.2.3@sha256:32b70e31fcae77c24c89888c7f8b56c760e1f80e95cfb9fb756179544f1bbfa2,15237
    pantry-tree:
      sha256: eacea9fda09f78490957987b82866e9a3bf94218fbeffca3ddb4b920e21fa6d0
      size: 8351
  original:
    hackage: lens-5.2.3@sha256:32b70e31fcae77c24c89888c7f8b56c760e1f80e95cfb9fb756179544f1bbfa2,15237
- completed:
    hackage: massiv-1.0.4.0@sha256:6fce54a305f4d6da5a929d8720bf3324ea62d3464dc4b24721be605bcd794a0f,5246
    pantry-tree:
      sha256: 8e1488e98fe5133dc123d83a71c1b48b5654353e69c3bcdf98008e3e7edfa9ed
      size: 4070
  original:
    hackage: massiv-1.0.4.0@sha256:6fce54a305f4d6da5a929d8720bf3324ea62d3464dc4b24721be605bcd794a0f,5246
- completed:
    hackage: mono-traversable-1.0.17.0@sha256:f62b52e93bb9ed1b9ff4e026993c18eed08ec202bc4d30aa7245279ac81c4174,2221
    pantry-tree:
      sha256: 713591cfd881b509a42c0e543712ebb42b2d760ecc713da867dd9d24ebb05d11
      size: 822
  original:
    hackage: mono-traversable-1.0.17.0@sha256:f62b52e93bb9ed1b9ff4e026993c18eed08ec202bc4d30aa7245279ac81c4174,2221
- completed:
    hackage: mutable-containers-0.3.4.1@sha256:9fb65a0d702e00b4c29a80a924b08db28aef77674ffae47486d92504166815e1,2228
    pantry-tree:
      sha256: 419e76b48f6b6615079c9bc72e16a33b2bdae601a3a135b320a44e48869abd70
      size: 944
  original:
    hackage: mutable-containers-0.3.4.1@sha256:9fb65a0d702e00b4c29a80a924b08db28aef77674ffae47486d92504166815e1,2228
- completed:
    hackage: mwc-random-0.15.0.2@sha256:109e0fb72ce64bda468fc44d9cb5abbf455d6337140b57eb851a8183baba0597,3372
    pantry-tree:
      sha256: 67732b8c3612c58e5286541213550899dc9495a09ca5283fab4437c489e624b9
      size: 721
  original:
    hackage: mwc-random-0.15.0.2@sha256:109e0fb72ce64bda468fc44d9cb5abbf455d6337140b57eb851a8183baba0597,3372
- completed:
    hackage: parallel-3.2.2.0@sha256:b993406e98fe9126eff4a69d28e7e361037dd1c0892a9fd6c26e1f92eb9c4fa4,1926
    pantry-tree:
      sha256: a4b7712b272e1f5da4b160820fff47ba24ed2732af3b2581f3094ea8422a9b8c
      size: 392
  original:
    hackage: parallel-3.2.2.0@sha256:b993406e98fe9126eff4a69d28e7e361037dd1c0892a9fd6c26e1f92eb9c4fa4,1926
- completed:
    hackage: primitive-0.9.0.0@sha256:2e08c5409e3559c7f1669ef50e9a0d9a397e68ecf51110d5e2cedf05cdd7d93c,3171
    pantry-tree:
      sha256: a862f3979a8ed2ae047287de3c7376f749ee97d5a27c9c55a4c6d94ffb7d1601
      size: 1793
  original:
    hackage: primitive-0.9.0.0@sha256:2e08c5409e3559c7f1669ef50e9a0d9a397e68ecf51110d5e2cedf05cdd7d93c,3171
- completed:
    hackage: psqueues-0.2.8.0@sha256:e71ef88119df3449e3018ecdd487ad844e112352baae0df8c229f76b009d399d,4887
    pantry-tree:
      sha256: 0790e5f63e9c46f869a74d1f6b88c9204914543481130a40f8c44401c378e3b8
      size: 1608
  original:
    hackage: psqueues-0.2.8.0@sha256:e71ef88119df3449e3018ecdd487ad844e112352baae0df8c229f76b009d399d,4887
- completed:
    hackage: random-1.2.1.2@sha256:32397de181e20ccaacf806ec70de9308cf044f089a2be37c936f3f8967bde867,6460
    pantry-tree:
      sha256: cd0fe2b39e4d4efad4d78f69c28b7fd49ffe2879923b3a9272352edc43a956e6
      size: 1528
  original:
    hackage: random-1.2.1.2@sha256:32397de181e20ccaacf806ec70de9308cf044f089a2be37c936f3f8967bde867,6460
- completed:
    hackage: reflection-2.1.7@sha256:f2b5b3f0983a605d16e53af489ebba62967d2c80353473ca66cc1734222b3a04,4518
    pantry-tree:
      sha256: 769dbc938af69aa998db5c22ed7ddadbede3e6e75e4efa56a8587a6ae4886dc8
      size: 1060
  original:
    hackage: reflection-2.1.7@sha256:f2b5b3f0983a605d16e53af489ebba62967d2c80353473ca66cc1734222b3a04,4518
- completed:
    hackage: tf-random-0.5@sha256:14012837d0f0e18fdbbe3d56e67da8622ee5e20b180abce952dd50bd9f36b326,3983
    pantry-tree:
      sha256: d6483580cfea846cbf23ff1d7a67849546d5096425b6d61318a34554043b4ffb
      size: 941
  original:
    hackage: tf-random-0.5@sha256:14012837d0f0e18fdbbe3d56e67da8622ee5e20b180abce952dd50bd9f36b326,3983
- completed:
    hackage: unboxing-vector-0.2.0.0@sha256:a8f8ddab08d16cd4051fb1febb06aaaa54d211b50001664c06282cfdcb97bab0,3768
    pantry-tree:
      sha256: e0dbf018cae082041160d633263a6e33ffd861fe6813675f3cb0f08b96ad458e
      size: 1349
  original:
    hackage: unboxing-vector-0.2.0.0@sha256:a8f8ddab08d16cd4051fb1febb06aaaa54d211b50001664c06282cfdcb97bab0,3768
- completed:
    hackage: unordered-containers-0.2.20@sha256:746c32b23f93cb13e52309e54e82d69e4315105f9815b1fcac25a57071505cff,3921
    pantry-tree:
      sha256: 4594c9803b04e23566eff12ee69380e7fd995f62c182b6a997098ee939cecfce
      size: 1647
  original:
    hackage: unordered-containers-0.2.20@sha256:746c32b23f93cb13e52309e54e82d69e4315105f9815b1fcac25a57071505cff,3921
- completed:
    hackage: utility-ht-0.0.17.1@sha256:ce59547848918fabf84d2336eeafb254389314446472d48312e2ded36f34c7a9,3168
    pantry-tree:
      sha256: b4ba2c21002cd1924adaad189b893e0b7a5348a27ba7ca3c65703cb688cc9026
      size: 3267
  original:
    hackage: utility-ht-0.0.17.1@sha256:ce59547848918fabf84d2336eeafb254389314446472d48312e2ded36f34c7a9,3168
- completed:
    hackage: vector-0.13.1.0@sha256:bc032ccfb51d775eb6f4082c5fc02f5416b0ea0d6644a60d87677a6937f2d70d,9015
    pantry-tree:
      sha256: 02345da767b4f6f83d724b8a73d15efe3d19ea37bcae97386eaab0dbacb89a30
      size: 4093
  original:
    hackage: vector-0.13.1.0@sha256:bc032ccfb51d775eb6f4082c5fc02f5416b0ea0d6644a60d87677a6937f2d70d,9015
- completed:
    hackage: vector-algorithms-0.9.0.1@sha256:222b01a4c0b9e13d73d04fba7c65930df16d1647acc07d84c47ef0356fa33dba,3880
    pantry-tree:
      sha256: f2442ae23235b332dcd8b593bb20bfae02890ec891330c060ac4a410a5f1d64d
      size: 1510
  original:
    hackage: vector-algorithms-0.9.0.1@sha256:222b01a4c0b9e13d73d04fba7c65930df16d1647acc07d84c47ef0356fa33dba,3880
- completed:
    hackage: vector-th-unbox-0.2.2@sha256:0ba46c42a63750cb815ce6921426c28a2ef2372e19b82af866e21c65a4d682d7,1566
    pantry-tree:
      sha256: 620a21e9e5723d8906025864eeed8a857873aea6bf6637a9b7e34a351e413855
      size: 385
  original:
    hackage: vector-th-unbox-0.2.2@sha256:0ba46c42a63750cb815ce6921426c28a2ef2372e19b82af866e21c65a4d682d7,1566
- completed:
    hackage: assoc-1.1@sha256:56d0fd1c17aaf6268e81bf19ba5afe186128d7f88126bd546d5b3151ab692652,1617
    pantry-tree:
      sha256: c6d624f9056f55b8fafdad746f489f269d4f90dc28e8e42b23064884d33c5f8d
      size: 290
  original:
    hackage: assoc-1.1@sha256:56d0fd1c17aaf6268e81bf19ba5afe186128d7f88126bd546d5b3151ab692652,1617
- completed:
    hackage: base-orphans-0.9.1@sha256:c4733d09f798fc4304e936924a1a7d9fc2425aefad6c46ad4592035254b46051,3220
    pantry-tree:
      sha256: 7675c51e8d87899f8749f3140349771c977f9ff7497e896aead1bbae9d570c74
      size: 1272
  original:
    hackage: base-orphans-0.9.1@sha256:c4733d09f798fc4304e936924a1a7d9fc2425aefad6c46ad4592035254b46051,3220
- completed:
    hackage: bifunctors-5.6.2@sha256:e6a6e576b9e027ca374383c2d3a43753bce42c63c72724d3a35208a982d68c0f,3201
    pantry-tree:
      sha256: 5d804f96ef9033c8993061ccbe211b9c9717cba5774a156f4f9aeeba249b591d
      size: 1466
  original:
    hackage: bifunctors-5.6.2@sha256:e6a6e576b9e027ca374383c2d3a43753bce42c63c72724d3a35208a982d68c0f,3201
- completed:
    hackage: bitvec-1.1.5.0@sha256:cb3efd76b71a9e8a930f4ce5d8c91adcb63ac0d8dc3d2d4a132d490bd1ecb391,4920
    pantry-tree:
      sha256: 83d9e4876cb47a7ec03b8faf78ec1e5c698a840b7ff8f6e8a1ca4e87aa8235ff
      size: 2507
  original:
    hackage: bitvec-1.1.5.0@sha256:cb3efd76b71a9e8a930f4ce5d8c91adcb63ac0d8dc3d2d4a132d490bd1ecb391,4920
- completed:
    hackage: call-stack-0.4.0@sha256:ac44d2c00931dc20b01750da8c92ec443eb63a7231e8550188cb2ac2385f7feb,1200
    pantry-tree:
      sha256: 04134fa69cdd824b4e4bb7f77e7173e0705f27deabdbbf99549c549400191e1e
      size: 501
  original:
    hackage: call-stack-0.4.0@sha256:ac44d2c00931dc20b01750da8c92ec443eb63a7231e8550188cb2ac2385f7feb,1200
- completed:
    hackage: clock-0.8.4@sha256:b938655b00cf204ce69abfff946021bed111d2609a9f7a9c22e28a1a202e9115,4631
    pantry-tree:
      sha256: 0ca511f7ea409e65a9de5539f265bb906a3eec6a4ac1a201731a8a328120cc88
      size: 499
  original:
    hackage: clock-0.8.4@sha256:b938655b00cf204ce69abfff946021bed111d2609a9f7a9c22e28a1a202e9115,4631
- completed:
    hackage: comonad-5.0.8@sha256:4a4dbfbd03fb4963987710fca994e8b5624bd05a33e5f95b7581b26f8229c5e3,3631
    pantry-tree:
      sha256: 5810cb53d6c5e73239ad6d183eab847fba8fc1a8cd09056ede5d00c8848c8c7e
      size: 1618
  original:
    hackage: comonad-5.0.8@sha256:4a4dbfbd03fb4963987710fca994e8b5624bd05a33e5f95b7581b26f8229c5e3,3631
- completed:
    hackage: contravariant-1.5.5@sha256:470ed0e040e879e2da4af1b2c8f94e199f6135852a8107858d5ae0a95365835f,3041
    pantry-tree:
      sha256: 9eb62fea28548dc8a0f60fd47c12843092b78b24ed771b8ad63a0bb34dba8bc4
      size: 652
  original:
    hackage: contravariant-1.5.5@sha256:470ed0e040e879e2da4af1b2c8f94e199f6135852a8107858d5ae0a95365835f,3041
- completed:
    hackage: distributive-0.6.2.1@sha256:0f99f5541cca04acf89b64432b03422b6408e830a8dff30e6c4334ef1a48680c,2996
    pantry-tree:
      sha256: a42bed5fe0ba295643538312dee6c9436314c05a6f7efdd32b4303979f8bd744
      size: 735
  original:
    hackage: distributive-0.6.2.1@sha256:0f99f5541cca04acf89b64432b03422b6408e830a8dff30e6c4334ef1a48680c,2996
- completed:
    hackage: free-5.2@sha256:3d05d1129457afbae7879bb27e2019fef86cba4aa13bc4b97ce8c6b8c51d2c6e,4176
    pantry-tree:
      sha256: 37bc3716c04a5f09c4b0774c936096e374a5d55724ac4f6f273b25041d8e35e5
      size: 3130
  original:
    hackage: free-5.2@sha256:3d05d1129457afbae7879bb27e2019fef86cba4aa13bc4b97ce8c6b8c51d2c6e,4176
- completed:
    hackage: indexed-traversable-0.1.3@sha256:911f96592752ce4ffbeda00b1155dbbfac5135c71d6755ae02c00552819a9b17,2674
    pantry-tree:
      sha256: 181cff1f160115b7ed52b9da8f4f9d10e7042821f74b23381044661120f180e6
      size: 625
  original:
    hackage: indexed-traversable-0.1.3@sha256:911f96592752ce4ffbeda00b1155dbbfac5135c71d6755ae02c00552819a9b17,2674
- completed:
    hackage: indexed-traversable-instances-0.1.1.2@sha256:00d5e3e149e2bee0f7a547e0093294c306d4276e73a619abe7d8e69f7ce03c7b,2550
    pantry-tree:
      sha256: 47cf9c6a2007db09aa40ba559f0c3ccd1341f8e68b0dfc7b410b3b815ff36ab5
      size: 366
  original:
    hackage: indexed-traversable-instances-0.1.1.2@sha256:00d5e3e149e2bee0f7a547e0093294c306d4276e73a619abe7d8e69f7ce03c7b,2550
- completed:
    hackage: kan-extensions-5.2.5@sha256:fbdba767565f40faf515b044a774cc3b371eb6ce8a082d9f659411cea88698cf,3066
    pantry-tree:
      sha256: ff88cbe19b1672f9525092ce850cc6c87cba2bf0642ca4dd89cafa42e959c5ec
      size: 1421
  original:
    hackage: kan-extensions-5.2.5@sha256:fbdba767565f40faf515b044a774cc3b371eb6ce8a082d9f659411cea88698cf,3066
- completed:
    hackage: math-functions-0.3.4.4@sha256:859a4f623c5f238e345f241e38c551cc4776cadc59b1e511880bbf7968f7419f,4561
    pantry-tree:
      sha256: 2b3c7a2a254dbba367f5b8a6b7a5d6ed31aa44dfd8ccdddccd5f187d264e60cd
      size: 3112
  original:
    hackage: math-functions-0.3.4.4@sha256:859a4f623c5f238e345f241e38c551cc4776cadc59b1e511880bbf7968f7419f,4561
- completed:
    hackage: profunctors-5.6.2@sha256:e178ba4468982326656626e2089e296f64485e68fdddc9f4476dcd5d612b4f78,2484
    pantry-tree:
      sha256: 477b4e6a997aa6d470a4355814c3c654641824dad07058ea77b20c2e9a7d7699
      size: 1588
  original:
    hackage: profunctors-5.6.2@sha256:e178ba4468982326656626e2089e296f64485e68fdddc9f4476dcd5d612b4f78,2484
- completed:
    hackage: scheduler-2.0.0.1@sha256:3e36c5a50536d20f03320defd64e3d3adb6309b471ae048efda7df9d54361308,2556
    pantry-tree:
      sha256: ea28f2ff7a4b31088bc3f3b299e1f425916b1cc369735846d69c4a22bcbab743
      size: 922
  original:
    hackage: scheduler-2.0.0.1@sha256:3e36c5a50536d20f03320defd64e3d3adb6309b471ae048efda7df9d54361308,2556
- completed:
    hackage: scientific-0.3.7.0@sha256:909755ab19b453169ff85281323da1488407776b2360bd9f7afdd219fd306ef2,4869
    pantry-tree:
      sha256: 00e74ee83063c8c5cf5c726d9ed079a7f67051f3ddd9e2ecbbe3c6ea06271061
      size: 657
  original:
    hackage: scientific-0.3.7.0@sha256:909755ab19b453169ff85281323da1488407776b2360bd9f7afdd219fd306ef2,4869
- completed:
    hackage: semigroupoids-6.0.0.1@sha256:47a23b451c114e65361e713e8fe36828fca3a84285325e8f444254b2ab0c43c5,7465
    pantry-tree:
      sha256: 1df286a998f4b26f8e6b596a571363197c55e05b0ff882ed2e6e6f315f8207e0
      size: 2404
  original:
    hackage: semigroupoids-6.0.0.1@sha256:47a23b451c114e65361e713e8fe36828fca3a84285325e8f444254b2ab0c43c5,7465
- completed:
    hackage: split-0.2.5@sha256:5bc1ae848bfded3087ea3e568908f1b75f56ecde6f02df3fad1a138dd5c783d5,2625
    pantry-tree:
      sha256: 5d28c851a2c98e3d8ac0f01adc58303d775afe39dce23ec953be64ae65d11166
      size: 443
  original:
    hackage: split-0.2.5@sha256:5bc1ae848bfded3087ea3e568908f1b75f56ecde6f02df3fad1a138dd5c783d5,2625
- completed:
    hackage: splitmix-0.1.0.5@sha256:bac0ae8d46a04e410666b0c8081cff63f060f29157983b569ca86ddb6e6e0dc6,6557
    pantry-tree:
      sha256: 21542f9e952b68b85d361ea938d342fccfabfbed90dce50c98601e02878ae96d
      size: 1519
  original:
    hackage: splitmix-0.1.0.5@sha256:bac0ae8d46a04e410666b0c8081cff63f060f29157983b569ca86ddb6e6e0dc6,6557
- completed:
    hackage: strict-0.5@sha256:bd57d7b3655951dfaa7d1e1374d7352dfe83f82a9c98309bf3a6587ef8cbd87d,4120
    pantry-tree:
      sha256: 87b874af151a91e5d723734d6e6b98d99c0b60d4835f1ff2d39d862b3fbf04c4
      size: 654
  original:
    hackage: strict-0.5@sha256:bd57d7b3655951dfaa7d1e1374d7352dfe83f82a9c98309bf3a6587ef8cbd87d,4120
- completed:
    hackage: tagged-0.8.8@sha256:9193defbde3dda997236ccc11a1db3e073cc531fe523e13e9659df776feb0b32,2732
    pantry-tree:
      sha256: 7b97ce7a1e02432ecbee65dad9affbe7d40489bb139f5ffbc15d903578349260
      size: 496
  original:
    hackage: tagged-0.8.8@sha256:9193defbde3dda997236ccc11a1db3e073cc531fe523e13e9659df776feb0b32,2732
- completed:
    hackage: th-abstraction-0.7.0.0@sha256:4d80fe53ed140866018278c81e1c0c9bc8fc73d8f2a530321a588f24be491fc4,2248
    pantry-tree:
      sha256: dd0e6b079d29f4a9415b420343809066d8287d6d1c1e3b31a14bb0a5f3c60447
      size: 672
  original:
    hackage: th-abstraction-0.7.0.0@sha256:4d80fe53ed140866018278c81e1c0c9bc8fc73d8f2a530321a588f24be491fc4,2248
- completed:
    hackage: these-1.2@sha256:011e22f6891ca028f87c04ea48796696c92d593313a9c699f7ff4f9ffd7aec6e,2882
    pantry-tree:
      sha256: 37483703ce7326c07608b06f2f741fb0f708cb06bd10ec57d87108d068046b05
      size: 351
  original:
    hackage: these-1.2@sha256:011e22f6891ca028f87c04ea48796696c92d593313a9c699f7ff4f9ffd7aec6e,2882
- completed:
    hackage: transformers-compat-0.7.2@sha256:044fb9955f63ee138fcebedfdcbe54afe741f2d5892a2d0bdf3a8052bd342643,5601
    pantry-tree:
      sha256: f49610c6a2faf82111e5d4222576f4afbcfa904bf56665232c5aa077dfc7578f
      size: 1724
  original:
    hackage: transformers-compat-0.7.2@sha256:044fb9955f63ee138fcebedfdcbe54afe741f2d5892a2d0bdf3a8052bd342643,5601
- completed:
    hackage: unliftio-core-0.2.1.0@sha256:28800633b20e0f7bfbdda1248c28022749aa0935aea10b1e3fc9c88cbebb06de,1004
    pantry-tree:
      sha256: ca046ab9d03eb5ae73f3414cbd9ae3ed61d3c59df88c944a7105832aff30431d
      size: 328
  original:
    hackage: unliftio-core-0.2.1.0@sha256:28800633b20e0f7bfbdda1248c28022749aa0935aea10b1e3fc9c88cbebb06de,1004
- completed:
    hackage: OneTuple-0.4.1.1@sha256:632dfded172086fb9f0e26d3578bcfffa3fb6d135ea5a8de17b7a33ff6e6e682,2575
    pantry-tree:
      sha256: 7bebadb3ccdaa78924ebabab963f72427cf6bb37dc7d8268c19f5da811731ffb
      size: 506
  original:
    hackage: OneTuple-0.4.1.1@sha256:632dfded172086fb9f0e26d3578bcfffa3fb6d135ea5a8de17b7a33ff6e6e682,2575
- completed:
    hackage: StateVar-1.2.2@sha256:3c022c00485fe165e3080d5da6b3ca9c9b02f62c5deebc584d1b3d1309ce673e,1673
    pantry-tree:
      sha256: 204cac98219e99334f47b12c565945611748ea03a4d629273dd697d738bcfd7f
      size: 314
  original:
    hackage: StateVar-1.2.2@sha256:3c022c00485fe165e3080d5da6b3ca9c9b02f62c5deebc584d1b3d1309ce673e,1673
- completed:
    hackage: adjunctions-4.4.2@sha256:30206ae6b78d3d523c2ff73640f84b51fa204ac3f05267a5f0c77c486b96781d,3379
    pantry-tree:
      sha256: 0cf0b9ed859509b8c3917dfb94fdae2990a0e75dac51df3d8f2b8ab8410021e5
      size: 1391
  original:
    hackage: adjunctions-4.4.2@sha256:30206ae6b78d3d523c2ff73640f84b51fa204ac3f05267a5f0c77c486b96781d,3379
- completed:
    hackage: atomic-primops-0.8.5@sha256:6496469ffe3847c71b38283d33e3bb392cc90e23fa0083c8ef0f8e509c57fe3c,2414
    pantry-tree:
      sha256: 16a4aeae892732e41848729c3147fe7131d694db5cdd571ae15b12cfe5ded336
      size: 1302
  original:
    hackage: atomic-primops-0.8.5@sha256:6496469ffe3847c71b38283d33e3bb392cc90e23fa0083c8ef0f8e509c57fe3c,2414
- completed:
    hackage: data-default-class-0.1.2.0@sha256:63e62120b7efd733a5a17cf59ceb43268e9a929c748127172d7d42f4a336e327,542
    pantry-tree:
      sha256: 5017630b11698aefa65fc61cab84a257ce97833c968d425e1b2d53d6c3b5c096
      size: 224
  original:
    hackage: data-default-class-0.1.2.0@sha256:63e62120b7efd733a5a17cf59ceb43268e9a929c748127172d7d42f4a336e327,542
- completed:
    hackage: foldable1-classes-compat-0.1@sha256:fb4b3cedd33d5c22c573c39baa930c78eaa4feb22d43abb680c3149f8ab9fa4e,3782
    pantry-tree:
      sha256: 44114992b224a7455902ebc790c849b215081178abb4b640d085571aa1617e71
      size: 518
  original:
    hackage: foldable1-classes-compat-0.1@sha256:fb4b3cedd33d5c22c573c39baa930c78eaa4feb22d43abb680c3149f8ab9fa4e,3782
- completed:
    hackage: invariant-0.6.3@sha256:f4e328e0036d3a334d308355e466291e95e55336c7744a96c98b9a3ac045f97b,3587
    pantry-tree:
      sha256: bb0a85f76c3daf066d125eaf34817182f661a00456015b32806ad5a920917676
      size: 650
  original:
    hackage: invariant-0.6.3@sha256:f4e328e0036d3a334d308355e466291e95e55336c7744a96c98b9a3ac045f97b,3587
- completed:
    hackage: pvar-1.0.0.0@sha256:3d4a6855b0960baee78f6956f082eb8aa1cede52d2955b7faef186d1133f7964,1893
    pantry-tree:
      sha256: 576f730a8c63a06a4e3b04e841eb5a4f86680bf0e408c86973fe3e3d9acbc3f9
      size: 700
  original:
    hackage: pvar-1.0.0.0@sha256:3d4a6855b0960baee78f6956f082eb8aa1cede52d2955b7faef186d1133f7964,1893
- completed:
    hackage: transformers-base-0.4.6@sha256:6f18f320e371c8954c4b6b211e2fdd5d15a6d6310bd605b9d640f47ede408961,1643
    pantry-tree:
      sha256: 6c2d24a9678865e2a5f4b6286cb17228673a6987fb546bf07b89ffbd19716ad2
      size: 275
  original:
    hackage: transformers-base-0.4.6@sha256:6f18f320e371c8954c4b6b211e2fdd5d15a6d6310bd605b9d640f47ede408961,1643
- completed:
    hackage: vector-stream-0.1.0.1@sha256:16a69e2ed71d7b35e16860fac520f94fa4da120eb973d9f8fbf0aa3a703d4a9f,1583
    pantry-tree:
      sha256: 972e6a2098c0784a40a65f75aa811dee861afe519872f726c695749f588b8bde
      size: 325
  original:
    hackage: vector-stream-0.1.0.1@sha256:16a69e2ed71d7b35e16860fac520f94fa4da120eb973d9f8fbf0aa3a703d4a9f,1583
- completed:
    hackage: semigroups-0.20@sha256:925341e6f7eb104cb490bef06eab93bb7995c7c67c51ee938185a2ddefa7aaf2,6333
    pantry-tree:
      sha256: d4d3f0b32a68cf8808fcb8d2de117ab9ec09dbfec93a297aa3d386ca79a0fe05
      size: 481
  original:
    hackage: semigroups-0.20@sha256:925341e6f7eb104cb490bef06eab93bb7995c7c67c51ee938185a2ddefa7aaf2,6333
- completed:
    hackage: void-0.7.3@sha256:13d30f62fcdf065e595d679d4ac8b4b0c1bb1a1b73db7b5b5a8f857cb5c8a546,1857
    pantry-tree:
      sha256: 5730b45e857424c97d24ee1cf530be1fc782cd000221ac97b5568be886cbbc2b
      size: 584
  original:
    hackage: void-0.7.3@sha256:13d30f62fcdf065e595d679d4ac8b4b0c1bb1a1b73db7b5b5a8f857cb5c8a546,1857
snapshots: []
